
Microsoft Visual Studio Solution File, Format Version 10.00
# Visual Studio 2008
Project("{FAE04EC0-301F-11D3-BF4B-00C04F79EFBC}") = "QLKS", "QLKS\QLKS.csproj", "{DA610046-C2C8-4454-A35A-63D840276603}"
EndProject
Project("{FAE04EC0-301F-11D3-BF4B-00C04F79EFBC}") = "BUS", "BUS\BUS.csproj", "{9B5D60F5-FEAC-4ED2-B8B7-ED1CB0BE0C76}"
EndProject
Project("{FAE04EC0-301F-11D3-BF4B-00C04F79EFBC}") = "DAO", "DAO\DAO.csproj", "{4BC4D44B-DC3E-42E1-AD9D-8CAB49DEB8B9}"
EndProject
Project("{FAE04EC0-301F-11D3-BF4B-00C04F79EFBC}") = "DTO", "DTO\DTO.csproj", "{59F30D7A-11A7-40AD-94A3-196FF882EADB}"
EndProject
Project("{FAE04EC0-301F-11D3-BF4B-00C04F79EFBC}") = "QLKSTestProject", "QLKSTestProject\QLKSTestProject.csproj", "{65AFF52A-15A9-45FF-9DFD-F204B988BD5D}"
EndProject
Project("{2150E333-8FDC-42A3-9474-1A3956D46DE8}") = "Solution Items", "Solution Items", "{38A861DF-5936-40A3-9B5A-720D2BC96D01}"
	ProjectSection(SolutionItems) = preProject
		LocalTestRun.testrunconfig = LocalTestRun.testrunconfig
		QLKS.vsmdi = QLKS.vsmdi
	EndProjectSection
EndProject
Global
	GlobalSection(TestCaseManagementSettings) = postSolution
		CategoryFile = QLKS.vsmdi
	EndGlobalSection
	GlobalSection(SolutionConfigurationPlatforms) = preSolution
		Debug|Any CPU = Debug|Any CPU
		Debug|Mixed Platforms = Debug|Mixed Platforms
		Debug|Win32 = Debug|Win32
		Release|Any CPU = Release|Any CPU
		Release|Mixed Platforms = Release|Mixed Platforms
		Release|Win32 = Release|Win32
	EndGlobalSection
	GlobalSection(ProjectConfigurationPlatforms) = postSolution
		{DA610046-C2C8-4454-A35A-63D840276603}.Debug|Any CPU.ActiveCfg = Debug|Any CPU
		{DA610046-C2C8-4454-A35A-63D840276603}.Debug|Any CPU.Build.0 = Debug|Any CPU
		{DA610046-C2C8-4454-A35A-63D840276603}.Debug|Mixed Platforms.ActiveCfg = Debug|Any CPU
		{DA610046-C2C8-4454-A35A-63D840276603}.Debug|Mixed Platforms.Build.0 = Debug|Any CPU
		{DA610046-C2C8-4454-A35A-63D840276603}.Debug|Win32.ActiveCfg = Debug|Any CPU
		{DA610046-C2C8-4454-A35A-63D840276603}.Release|Any CPU.ActiveCfg = Release|Any CPU
		{DA610046-C2C8-4454-A35A-63D840276603}.Release|Any CPU.Build.0 = Release|Any CPU
		{DA610046-C2C8-4454-A35A-63D840276603}.Release|Mixed Platforms.ActiveCfg = Release|Any CPU
		{DA610046-C2C8-4454-A35A-63D840276603}.Release|Mixed Platforms.Build.0 = Release|Any CPU
		{DA610046-C2C8-4454-A35A-63D840276603}.Release|Win32.ActiveCfg = Release|Any CPU
		{9B5D60F5-FEAC-4ED2-B8B7-ED1CB0BE0C76}.Debug|Any CPU.ActiveCfg = Debug|Any CPU
		{9B5D60F5-FEAC-4ED2-B8B7-ED1CB0BE0C76}.Debug|Any CPU.Build.0 = Debug|Any CPU
		{9B5D60F5-FEAC-4ED2-B8B7-ED1CB0BE0C76}.Debug|Mixed Platforms.ActiveCfg = Debug|Any CPU
		{9B5D60F5-FEAC-4ED2-B8B7-ED1CB0BE0C76}.Debug|Mixed Platforms.Build.0 = Debug|Any CPU
		{9B5D60F5-FEAC-4ED2-B8B7-ED1CB0BE0C76}.Debug|Win32.ActiveCfg = Debug|Any CPU
		{9B5D60F5-FEAC-4ED2-B8B7-ED1CB0BE0C76}.Release|Any CPU.ActiveCfg = Release|Any CPU
		{9B5D60F5-FEAC-4ED2-B8B7-ED1CB0BE0C76}.Release|Any CPU.Build.0 = Release|Any CPU
		{9B5D60F5-FEAC-4ED2-B8B7-ED1CB0BE0C76}.Release|Mixed Platforms.ActiveCfg = Release|Any CPU
		{9B5D60F5-FEAC-4ED2-B8B7-ED1CB0BE0C76}.Release|Mixed Platforms.Build.0 = Release|Any CPU
		{9B5D60F5-FEAC-4ED2-B8B7-ED1CB0BE0C76}.Release|Win32.ActiveCfg = Release|Any CPU
		{4BC4D44B-DC3E-42E1-AD9D-8CAB49DEB8B9}.Debug|Any CPU.ActiveCfg = Debug|Any CPU
		{4BC4D44B-DC3E-42E1-AD9D-8CAB49DEB8B9}.Debug|Any CPU.Build.0 = Debug|Any CPU
		{4BC4D44B-DC3E-42E1-AD9D-8CAB49DEB8B9}.Debug|Mixed Platforms.ActiveCfg = Debug|Any CPU
		{4BC4D44B-DC3E-42E1-AD9D-8CAB49DEB8B9}.Debug|Mixed Platforms.Build.0 = Debug|Any CPU
		{4BC4D44B-DC3E-42E1-AD9D-8CAB49DEB8B9}.Debug|Win32.ActiveCfg = Debug|Any CPU
		{4BC4D44B-DC3E-42E1-AD9D-8CAB49DEB8B9}.Release|Any CPU.ActiveCfg = Release|Any CPU
		{4BC4D44B-DC3E-42E1-AD9D-8CAB49DEB8B9}.Release|Any CPU.Build.0 = Release|Any CPU
		{4BC4D44B-DC3E-42E1-AD9D-8CAB49DEB8B9}.Release|Mixed Platforms.ActiveCfg = Release|Any CPU
		{4BC4D44B-DC3E-42E1-AD9D-8CAB49DEB8B9}.Release|Mixed Platforms.Build.0 = Release|Any CPU
		{4BC4D44B-DC3E-42E1-AD9D-8CAB49DEB8B9}.Release|Win32.ActiveCfg = Release|Any CPU
		{59F30D7A-11A7-40AD-94A3-196FF882EADB}.Debug|Any CPU.ActiveCfg = Debug|Any CPU
		{59F30D7A-11A7-40AD-94A3-196FF882EADB}.Debug|Any CPU.Build.0 = Debug|Any CPU
		{59F30D7A-11A7-40AD-94A3-196FF882EADB}.Debug|Mixed Platforms.ActiveCfg = Debug|Any CPU
		{59F30D7A-11A7-40AD-94A3-196FF882EADB}.Debug|Mixed Platforms.Build.0 = Debug|Any CPU
		{59F30D7A-11A7-40AD-94A3-196FF882EADB}.Debug|Win32.ActiveCfg = Debug|Any CPU
		{59F30D7A-11A7-40AD-94A3-196FF882EADB}.Release|Any CPU.ActiveCfg = Release|Any CPU
		{59F30D7A-11A7-40AD-94A3-196FF882EADB}.Release|Any CPU.Build.0 = Release|Any CPU
		{59F30D7A-11A7-40AD-94A3-196FF882EADB}.Release|Mixed Platforms.ActiveCfg = Release|Any CPU
		{59F30D7A-11A7-40AD-94A3-196FF882EADB}.Release|Mixed Platforms.Build.0 = Release|Any CPU
		{59F30D7A-11A7-40AD-94A3-196FF882EADB}.Release|Win32.ActiveCfg = Release|Any CPU
		{65AFF52A-15A9-45FF-9DFD-F204B988BD5D}.Debug|Any CPU.ActiveCfg = Debug|Any CPU
		{65AFF52A-15A9-45FF-9DFD-F204B988BD5D}.Debug|Any CPU.Build.0 = Debug|Any CPU
		{65AFF52A-15A9-45FF-9DFD-F204B988BD5D}.Debug|Mixed Platforms.ActiveCfg = Debug|Any CPU
		{65AFF52A-15A9-45FF-9DFD-F204B988BD5D}.Debug|Mixed Platforms.Build.0 = Debug|Any CPU
		{65AFF52A-15A9-45FF-9DFD-F204B988BD5D}.Debug|Win32.ActiveCfg = Debug|Any CPU
		{65AFF52A-15A9-45FF-9DFD-F204B988BD5D}.Release|Any CPU.ActiveCfg = Release|Any CPU
		{65AFF52A-15A9-45FF-9DFD-F204B988BD5D}.Release|Any CPU.Build.0 = Release|Any CPU
		{65AFF52A-15A9-45FF-9DFD-F204B988BD5D}.Release|Mixed Platforms.ActiveCfg = Release|Any CPU
		{65AFF52A-15A9-45FF-9DFD-F204B988BD5D}.Release|Mixed Platforms.Build.0 = Release|Any CPU
		{65AFF52A-15A9-45FF-9DFD-F204B988BD5D}.Release|Win32.ActiveCfg = Release|Any CPU
	EndGlobalSection
	GlobalSection(SolutionProperties) = preSolution
		HideSolutionNode = FALSE
	EndGlobalSection
EndGlobal
