
Microsoft Visual Studio Solution File, Format Version 10.00
# Visual Studio 2008
Project("{FAE04EC0-301F-11D3-BF4B-00C04F79EFBC}") = "DTO", "DTO\DTO.csproj", "{59F30D7A-11A7-40AD-94A3-196FF882EADB}"
EndProject
Project("{FAE04EC0-301F-11D3-BF4B-00C04F79EFBC}") = "DAO", "DAO\DAO.csproj", "{4BC4D44B-DC3E-42E1-AD9D-8CAB49DEB8B9}"
EndProject
Project("{FAE04EC0-301F-11D3-BF4B-00C04F79EFBC}") = "BUS", "BUS\BUS.csproj", "{9B5D60F5-FEAC-4ED2-B8B7-ED1CB0BE0C76}"
EndProject
Project("{FAE04EC0-301F-11D3-BF4B-00C04F79EFBC}") = "PTTK_WS", "PTTK_WS\PTTK_WS.csproj", "{9A912061-8638-4386-AB4E-28E7C093A61F}"
EndProject
Global
	GlobalSection(SolutionConfigurationPlatforms) = preSolution
		Debug|Any CPU = Debug|Any CPU
		Release|Any CPU = Release|Any CPU
	EndGlobalSection
	GlobalSection(ProjectConfigurationPlatforms) = postSolution
		{59F30D7A-11A7-40AD-94A3-196FF882EADB}.Debug|Any CPU.ActiveCfg = Debug|Any CPU
		{59F30D7A-11A7-40AD-94A3-196FF882EADB}.Debug|Any CPU.Build.0 = Debug|Any CPU
		{59F30D7A-11A7-40AD-94A3-196FF882EADB}.Release|Any CPU.ActiveCfg = Release|Any CPU
		{59F30D7A-11A7-40AD-94A3-196FF882EADB}.Release|Any CPU.Build.0 = Release|Any CPU
		{4BC4D44B-DC3E-42E1-AD9D-8CAB49DEB8B9}.Debug|Any CPU.ActiveCfg = Debug|Any CPU
		{4BC4D44B-DC3E-42E1-AD9D-8CAB49DEB8B9}.Debug|Any CPU.Build.0 = Debug|Any CPU
		{4BC4D44B-DC3E-42E1-AD9D-8CAB49DEB8B9}.Release|Any CPU.ActiveCfg = Release|Any CPU
		{4BC4D44B-DC3E-42E1-AD9D-8CAB49DEB8B9}.Release|Any CPU.Build.0 = Release|Any CPU
		{9B5D60F5-FEAC-4ED2-B8B7-ED1CB0BE0C76}.Debug|Any CPU.ActiveCfg = Debug|Any CPU
		{9B5D60F5-FEAC-4ED2-B8B7-ED1CB0BE0C76}.Debug|Any CPU.Build.0 = Debug|Any CPU
		{9B5D60F5-FEAC-4ED2-B8B7-ED1CB0BE0C76}.Release|Any CPU.ActiveCfg = Release|Any CPU
		{9B5D60F5-FEAC-4ED2-B8B7-ED1CB0BE0C76}.Release|Any CPU.Build.0 = Release|Any CPU
		{9A912061-8638-4386-AB4E-28E7C093A61F}.Debug|Any CPU.ActiveCfg = Debug|Any CPU
		{9A912061-8638-4386-AB4E-28E7C093A61F}.Debug|Any CPU.Build.0 = Debug|Any CPU
		{9A912061-8638-4386-AB4E-28E7C093A61F}.Release|Any CPU.ActiveCfg = Release|Any CPU
		{9A912061-8638-4386-AB4E-28E7C093A61F}.Release|Any CPU.Build.0 = Release|Any CPU
	EndGlobalSection
	GlobalSection(SolutionProperties) = preSolution
		HideSolutionNode = FALSE
	EndGlobalSection
EndGlobal
